// !$*UTF8*$!
{
	archiveVersion = 1;
	classes = {
	};
	objectVersion = 48;
	objects = {

/* Begin PBXBuildFile section */
		9A0F73131F8B1549001D803D /* AppDelegate.swift in Sources */ = {isa = PBXBuildFile; fileRef = 9A0F73121F8B1549001D803D /* AppDelegate.swift */; };
		9A0F73151F8B1549001D803D /* FirstViewController.swift in Sources */ = {isa = PBXBuildFile; fileRef = 9A0F73141F8B1549001D803D /* FirstViewController.swift */; };
		9A0F73171F8B1549001D803D /* SecondViewController.swift in Sources */ = {isa = PBXBuildFile; fileRef = 9A0F73161F8B1549001D803D /* SecondViewController.swift */; };
		9A0F731A1F8B1549001D803D /* Main.storyboard in Resources */ = {isa = PBXBuildFile; fileRef = 9A0F73181F8B1549001D803D /* Main.storyboard */; };
		9A0F731C1F8B1549001D803D /* Assets.xcassets in Resources */ = {isa = PBXBuildFile; fileRef = 9A0F731B1F8B1549001D803D /* Assets.xcassets */; };
		9A0F731F1F8B1549001D803D /* LaunchScreen.storyboard in Resources */ = {isa = PBXBuildFile; fileRef = 9A0F731D1F8B1549001D803D /* LaunchScreen.storyboard */; };
		9A0F732A1F8B1549001D803D /* BBG_AL_IlmuTests.swift in Sources */ = {isa = PBXBuildFile; fileRef = 9A0F73291F8B1549001D803D /* BBG_AL_IlmuTests.swift */; };
		9A0F73351F8B1549001D803D /* BBG_AL_IlmuUITests.swift in Sources */ = {isa = PBXBuildFile; fileRef = 9A0F73341F8B1549001D803D /* BBG_AL_IlmuUITests.swift */; };
		9A256C631FAD3FEA002EEFBA /* NamaSifatAllahVC.swift in Sources */ = {isa = PBXBuildFile; fileRef = 9A256C621FAD3FEA002EEFBA /* NamaSifatAllahVC.swift */; };
		9A256C651FAD420C002EEFBA /* NamaSifatViewController.swift in Sources */ = {isa = PBXBuildFile; fileRef = 9A256C641FAD420C002EEFBA /* NamaSifatViewController.swift */; };
		9A5BABB51FB4946700070624 /* MNSifatAllahViewController.swift in Sources */ = {isa = PBXBuildFile; fileRef = 9A5BABB41FB4946700070624 /* MNSifatAllahViewController.swift */; };
/* End PBXBuildFile section */

/* Begin PBXContainerItemProxy section */
		9A0F73261F8B1549001D803D /* PBXContainerItemProxy */ = {
			isa = PBXContainerItemProxy;
			containerPortal = 9A0F73071F8B1549001D803D /* Project object */;
			proxyType = 1;
			remoteGlobalIDString = 9A0F730E1F8B1549001D803D;
			remoteInfo = "BBG AL Ilmu";
		};
		9A0F73311F8B1549001D803D /* PBXContainerItemProxy */ = {
			isa = PBXContainerItemProxy;
			containerPortal = 9A0F73071F8B1549001D803D /* Project object */;
			proxyType = 1;
			remoteGlobalIDString = 9A0F730E1F8B1549001D803D;
			remoteInfo = "BBG AL Ilmu";
		};
/* End PBXContainerItemProxy section */

/* Begin PBXFileReference section */
		9A0F730F1F8B1549001D803D /* BBG AL Ilmu.app */ = {isa = PBXFileReference; explicitFileType = wrapper.application; includeInIndex = 0; path = "BBG AL Ilmu.app"; sourceTree = BUILT_PRODUCTS_DIR; };
		9A0F73121F8B1549001D803D /* AppDelegate.swift */ = {isa = PBXFileReference; lastKnownFileType = sourcecode.swift; path = AppDelegate.swift; sourceTree = "<group>"; };
		9A0F73141F8B1549001D803D /* FirstViewController.swift */ = {isa = PBXFileReference; lastKnownFileType = sourcecode.swift; path = FirstViewController.swift; sourceTree = "<group>"; };
		9A0F73161F8B1549001D803D /* SecondViewController.swift */ = {isa = PBXFileReference; lastKnownFileType = sourcecode.swift; path = SecondViewController.swift; sourceTree = "<group>"; };
		9A0F73191F8B1549001D803D /* Base */ = {isa = PBXFileReference; lastKnownFileType = file.storyboard; name = Base; path = Base.lproj/Main.storyboard; sourceTree = "<group>"; };
		9A0F731B1F8B1549001D803D /* Assets.xcassets */ = {isa = PBXFileReference; lastKnownFileType = folder.assetcatalog; path = Assets.xcassets; sourceTree = "<group>"; };
		9A0F731E1F8B1549001D803D /* Base */ = {isa = PBXFileReference; lastKnownFileType = file.storyboard; name = Base; path = Base.lproj/LaunchScreen.storyboard; sourceTree = "<group>"; };
		9A0F73201F8B1549001D803D /* Info.plist */ = {isa = PBXFileReference; lastKnownFileType = text.plist.xml; path = Info.plist; sourceTree = "<group>"; };
		9A0F73251F8B1549001D803D /* BBG AL IlmuTests.xctest */ = {isa = PBXFileReference; explicitFileType = wrapper.cfbundle; includeInIndex = 0; path = "BBG AL IlmuTests.xctest"; sourceTree = BUILT_PRODUCTS_DIR; };
		9A0F73291F8B1549001D803D /* BBG_AL_IlmuTests.swift */ = {isa = PBXFileReference; lastKnownFileType = sourcecode.swift; path = BBG_AL_IlmuTests.swift; sourceTree = "<group>"; };
		9A0F732B1F8B1549001D803D /* Info.plist */ = {isa = PBXFileReference; lastKnownFileType = text.plist.xml; path = Info.plist; sourceTree = "<group>"; };
		9A0F73301F8B1549001D803D /* BBG AL IlmuUITests.xctest */ = {isa = PBXFileReference; explicitFileType = wrapper.cfbundle; includeInIndex = 0; path = "BBG AL IlmuUITests.xctest"; sourceTree = BUILT_PRODUCTS_DIR; };
		9A0F73341F8B1549001D803D /* BBG_AL_IlmuUITests.swift */ = {isa = PBXFileReference; lastKnownFileType = sourcecode.swift; path = BBG_AL_IlmuUITests.swift; sourceTree = "<group>"; };
		9A0F73361F8B1549001D803D /* Info.plist */ = {isa = PBXFileReference; lastKnownFileType = text.plist.xml; path = Info.plist; sourceTree = "<group>"; };
		9A256C621FAD3FEA002EEFBA /* NamaSifatAllahVC.swift */ = {isa = PBXFileReference; lastKnownFileType = sourcecode.swift; path = NamaSifatAllahVC.swift; sourceTree = "<group>"; };
		9A256C641FAD420C002EEFBA /* NamaSifatViewController.swift */ = {isa = PBXFileReference; lastKnownFileType = sourcecode.swift; path = NamaSifatViewController.swift; sourceTree = "<group>"; };
		9A5BABB41FB4946700070624 /* MNSifatAllahViewController.swift */ = {isa = PBXFileReference; lastKnownFileType = sourcecode.swift; path = MNSifatAllahViewController.swift; sourceTree = "<group>"; };
/* End PBXFileReference section */

/* Begin PBXFrameworksBuildPhase section */
		9A0F730C1F8B1549001D803D /* Frameworks */ = {
			isa = PBXFrameworksBuildPhase;
			buildActionMask = 2147483647;
			files = (
			);
			runOnlyForDeploymentPostprocessing = 0;
		};
		9A0F73221F8B1549001D803D /* Frameworks */ = {
			isa = PBXFrameworksBuildPhase;
			buildActionMask = 2147483647;
			files = (
			);
			runOnlyForDeploymentPostprocessing = 0;
		};
		9A0F732D1F8B1549001D803D /* Frameworks */ = {
			isa = PBXFrameworksBuildPhase;
			buildActionMask = 2147483647;
			files = (
			);
			runOnlyForDeploymentPostprocessing = 0;
		};
/* End PBXFrameworksBuildPhase section */

/* Begin PBXGroup section */
		9A0F73061F8B1549001D803D = {
			isa = PBXGroup;
			children = (
				9A0F73111F8B1549001D803D /* BBG AL Ilmu */,
				9A0F73281F8B1549001D803D /* BBG AL IlmuTests */,
				9A0F73331F8B1549001D803D /* BBG AL IlmuUITests */,
				9A0F73101F8B1549001D803D /* Products */,
			);
			sourceTree = "<group>";
		};
		9A0F73101F8B1549001D803D /* Products */ = {
			isa = PBXGroup;
			children = (
				9A0F730F1F8B1549001D803D /* BBG AL Ilmu.app */,
				9A0F73251F8B1549001D803D /* BBG AL IlmuTests.xctest */,
				9A0F73301F8B1549001D803D /* BBG AL IlmuUITests.xctest */,
			);
			name = Products;
			sourceTree = "<group>";
		};
		9A0F73111F8B1549001D803D /* BBG AL Ilmu */ = {
			isa = PBXGroup;
			children = (
				9A256C621FAD3FEA002EEFBA /* NamaSifatAllahVC.swift */,
				9A256C611FAD3F5A002EEFBA /* New Group */,
				9A0F73121F8B1549001D803D /* AppDelegate.swift */,
				9A0F73141F8B1549001D803D /* FirstViewController.swift */,
				9A0F73161F8B1549001D803D /* SecondViewController.swift */,
				9A0F73181F8B1549001D803D /* Main.storyboard */,
				9A0F731B1F8B1549001D803D /* Assets.xcassets */,
				9A0F731D1F8B1549001D803D /* LaunchScreen.storyboard */,
				9A0F73201F8B1549001D803D /* Info.plist */,
				9A256C641FAD420C002EEFBA /* NamaSifatViewController.swift */,
				9A5BABB41FB4946700070624 /* MNSifatAllahViewController.swift */,
			);
			path = "BBG AL Ilmu";
			sourceTree = "<group>";
		};
		9A0F73281F8B1549001D803D /* BBG AL IlmuTests */ = {
			isa = PBXGroup;
			children = (
				9A0F73291F8B1549001D803D /* BBG_AL_IlmuTests.swift */,
				9A0F732B1F8B1549001D803D /* Info.plist */,
			);
			path = "BBG AL IlmuTests";
			sourceTree = "<group>";
		};
		9A0F73331F8B1549001D803D /* BBG AL IlmuUITests */ = {
			isa = PBXGroup;
			children = (
				9A0F73341F8B1549001D803D /* BBG_AL_IlmuUITests.swift */,
				9A0F73361F8B1549001D803D /* Info.plist */,
			);
			path = "BBG AL IlmuUITests";
			sourceTree = "<group>";
		};
		9A256C611FAD3F5A002EEFBA /* New Group */ = {
			isa = PBXGroup;
			children = (
			);
			path = "New Group";
			sourceTree = "<group>";
		};
/* End PBXGroup section */

/* Begin PBXNativeTarget section */
		9A0F730E1F8B1549001D803D /* BBG AL Ilmu */ = {
			isa = PBXNativeTarget;
			buildConfigurationList = 9A0F73391F8B1549001D803D /* Build configuration list for PBXNativeTarget "BBG AL Ilmu" */;
			buildPhases = (
				9A0F730B1F8B1549001D803D /* Sources */,
				9A0F730C1F8B1549001D803D /* Frameworks */,
				9A0F730D1F8B1549001D803D /* Resources */,
			);
			buildRules = (
			);
			dependencies = (
			);
			name = "BBG AL Ilmu";
			productName = "BBG AL Ilmu";
			productReference = 9A0F730F1F8B1549001D803D /* BBG AL Ilmu.app */;
			productType = "com.apple.product-type.application";
		};
		9A0F73241F8B1549001D803D /* BBG AL IlmuTests */ = {
			isa = PBXNativeTarget;
			buildConfigurationList = 9A0F733C1F8B1549001D803D /* Build configuration list for PBXNativeTarget "BBG AL IlmuTests" */;
			buildPhases = (
				9A0F73211F8B1549001D803D /* Sources */,
				9A0F73221F8B1549001D803D /* Frameworks */,
				9A0F73231F8B1549001D803D /* Resources */,
			);
			buildRules = (
			);
			dependencies = (
				9A0F73271F8B1549001D803D /* PBXTargetDependency */,
			);
			name = "BBG AL IlmuTests";
			productName = "BBG AL IlmuTests";
			productReference = 9A0F73251F8B1549001D803D /* BBG AL IlmuTests.xctest */;
			productType = "com.apple.product-type.bundle.unit-test";
		};
		9A0F732F1F8B1549001D803D /* BBG AL IlmuUITests */ = {
			isa = PBXNativeTarget;
			buildConfigurationList = 9A0F733F1F8B1549001D803D /* Build configuration list for PBXNativeTarget "BBG AL IlmuUITests" */;
			buildPhases = (
				9A0F732C1F8B1549001D803D /* Sources */,
				9A0F732D1F8B1549001D803D /* Frameworks */,
				9A0F732E1F8B1549001D803D /* Resources */,
			);
			buildRules = (
			);
			dependencies = (
				9A0F73321F8B1549001D803D /* PBXTargetDependency */,
			);
			name = "BBG AL IlmuUITests";
			productName = "BBG AL IlmuUITests";
			productReference = 9A0F73301F8B1549001D803D /* BBG AL IlmuUITests.xctest */;
			productType = "com.apple.product-type.bundle.ui-testing";
		};
/* End PBXNativeTarget section */

/* Begin PBXProject section */
		9A0F73071F8B1549001D803D /* Project object */ = {
			isa = PBXProject;
			attributes = {
				LastSwiftUpdateCheck = 0900;
				LastUpgradeCheck = 0900;
				ORGANIZATIONNAME = "Rizki Syaputra";
				TargetAttributes = {
					9A0F730E1F8B1549001D803D = {
						CreatedOnToolsVersion = 9.0;
						ProvisioningStyle = Automatic;
					};
					9A0F73241F8B1549001D803D = {
						CreatedOnToolsVersion = 9.0;
						ProvisioningStyle = Automatic;
						TestTargetID = 9A0F730E1F8B1549001D803D;
					};
					9A0F732F1F8B1549001D803D = {
						CreatedOnToolsVersion = 9.0;
						ProvisioningStyle = Automatic;
						TestTargetID = 9A0F730E1F8B1549001D803D;
					};
				};
			};
			buildConfigurationList = 9A0F730A1F8B1549001D803D /* Build configuration list for PBXProject "BBG AL Ilmu" */;
			compatibilityVersion = "Xcode 8.0";
			developmentRegion = en;
			hasScannedForEncodings = 0;
			knownRegions = (
				en,
				Base,
			);
			mainGroup = 9A0F73061F8B1549001D803D;
			productRefGroup = 9A0F73101F8B1549001D803D /* Products */;
			projectDirPath = "";
			projectRoot = "";
			targets = (
				9A0F730E1F8B1549001D803D /* BBG AL Ilmu */,
				9A0F73241F8B1549001D803D /* BBG AL IlmuTests */,
				9A0F732F1F8B1549001D803D /* BBG AL IlmuUITests */,
			);
		};
/* End PBXProject section */

/* Begin PBXResourcesBuildPhase section */
		9A0F730D1F8B1549001D803D /* Resources */ = {
			isa = PBXResourcesBuildPhase;
			buildActionMask = 2147483647;
			files = (
				9A0F731F1F8B1549001D803D /* LaunchScreen.storyboard in Resources */,
				9A0F731C1F8B1549001D803D /* Assets.xcassets in Resources */,
				9A0F731A1F8B1549001D803D /* Main.storyboard in Resources */,
			);
			runOnlyForDeploymentPostprocessing = 0;
		};
		9A0F73231F8B1549001D803D /* Resources */ = {
			isa = PBXResourcesBuildPhase;
			buildActionMask = 2147483647;
			files = (
			);
			runOnlyForDeploymentPostprocessing = 0;
		};
		9A0F732E1F8B1549001D803D /* Resources */ = {
			isa = PBXResourcesBuildPhase;
			buildActionMask = 2147483647;
			files = (
			);
			runOnlyForDeploymentPostprocessing = 0;
		};
/* End PBXResourcesBuildPhase section */

/* Begin PBXSourcesBuildPhase section */
		9A0F730B1F8B1549001D803D /* Sources */ = {
			isa = PBXSourcesBuildPhase;
			buildActionMask = 2147483647;
			files = (
				9A256C651FAD420C002EEFBA /* NamaSifatViewController.swift in Sources */,
				9A256C631FAD3FEA002EEFBA /* NamaSifatAllahVC.swift in Sources */,
				9A5BABB51FB4946700070624 /* MNSifatAllahViewController.swift in Sources */,
				9A0F73171F8B1549001D803D /* SecondViewController.swift in Sources */,
				9A0F73131F8B1549001D803D /* AppDelegate.swift in Sources */,
				9A0F73151F8B1549001D803D /* FirstViewController.swift in Sources */,
			);
			runOnlyForDeploymentPostprocessing = 0;
		};
		9A0F73211F8B1549001D803D /* Sources */ = {
			isa = PBXSourcesBuildPhase;
			buildActionMask = 2147483647;
			files = (
				9A0F732A1F8B1549001D803D /* BBG_AL_IlmuTests.swift in Sources */,
			);
			runOnlyForDeploymentPostprocessing = 0;
		};
		9A0F732C1F8B1549001D803D /* Sources */ = {
			isa = PBXSourcesBuildPhase;
			buildActionMask = 2147483647;
			files = (
				9A0F73351F8B1549001D803D /* BBG_AL_IlmuUITests.swift in Sources */,
			);
			runOnlyForDeploymentPostprocessing = 0;
		};
/* End PBXSourcesBuildPhase section */

/* Begin PBXTargetDependency section */
		9A0F73271F8B1549001D803D /* PBXTargetDependency */ = {
			isa = PBXTargetDependency;
			target = 9A0F730E1F8B1549001D803D /* BBG AL Ilmu */;
			targetProxy = 9A0F73261F8B1549001D803D /* PBXContainerItemProxy */;
		};
		9A0F73321F8B1549001D803D /* PBXTargetDependency */ = {
			isa = PBXTargetDependency;
			target = 9A0F730E1F8B1549001D803D /* BBG AL Ilmu */;
			targetProxy = 9A0F73311F8B1549001D803D /* PBXContainerItemProxy */;
		};
/* End PBXTargetDependency section */

/* Begin PBXVariantGroup section */
		9A0F73181F8B1549001D803D /* Main.storyboard */ = {
			isa = PBXVariantGroup;
			children = (
				9A0F73191F8B1549001D803D /* Base */,
			);
			name = Main.storyboard;
			sourceTree = "<group>";
		};
		9A0F731D1F8B1549001D803D /* LaunchScreen.storyboard */ = {
			isa = PBXVariantGroup;
			children = (
				9A0F731E1F8B1549001D803D /* Base */,
			);
			name = LaunchScreen.storyboard;
			sourceTree = "<group>";
		};
/* End PBXVariantGroup section */

/* Begin XCBuildConfiguration section */
		9A0F73371F8B1549001D803D /* Debug */ = {
			isa = XCBuildConfiguration;
			buildSettings = {
				ALWAYS_SEARCH_USER_PATHS = NO;
				CLANG_ANALYZER_NONNULL = YES;
				CLANG_ANALYZER_NUMBER_OBJECT_CONVERSION = YES_AGGRESSIVE;
				CLANG_CXX_LANGUAGE_STANDARD = "gnu++14";
				CLANG_CXX_LIBRARY = "libc++";
				CLANG_ENABLE_MODULES = YES;
				CLANG_ENABLE_OBJC_ARC = YES;
				CLANG_WARN_BLOCK_CAPTURE_AUTORELEASING = YES;
				CLANG_WARN_BOOL_CONVERSION = YES;
				CLANG_WARN_COMMA = YES;
				CLANG_WARN_CONSTANT_CONVERSION = YES;
				CLANG_WARN_DIRECT_OBJC_ISA_USAGE = YES_ERROR;
				CLANG_WARN_DOCUMENTATION_COMMENTS = YES;
				CLANG_WARN_EMPTY_BODY = YES;
				CLANG_WARN_ENUM_CONVERSION = YES;
				CLANG_WARN_INFINITE_RECURSION = YES;
				CLANG_WARN_INT_CONVERSION = YES;
				CLANG_WARN_NON_LITERAL_NULL_CONVERSION = YES;
				CLANG_WARN_OBJC_LITERAL_CONVERSION = YES;
				CLANG_WARN_OBJC_ROOT_CLASS = YES_ERROR;
				CLANG_WARN_RANGE_LOOP_ANALYSIS = YES;
				CLANG_WARN_STRICT_PROTOTYPES = YES;
				CLANG_WARN_SUSPICIOUS_MOVE = YES;
				CLANG_WARN_UNGUARDED_AVAILABILITY = YES_AGGRESSIVE;
				CLANG_WARN_UNREACHABLE_CODE = YES;
				CLANG_WARN__DUPLICATE_METHOD_MATCH = YES;
				CODE_SIGN_IDENTITY = "iPhone Developer";
				COPY_PHASE_STRIP = NO;
				DEBUG_INFORMATION_FORMAT = dwarf;
				ENABLE_STRICT_OBJC_MSGSEND = YES;
				ENABLE_TESTABILITY = YES;
				GCC_C_LANGUAGE_STANDARD = gnu11;
				GCC_DYNAMIC_NO_PIC = NO;
				GCC_NO_COMMON_BLOCKS = YES;
				GCC_OPTIMIZATION_LEVEL = 0;
				GCC_PREPROCESSOR_DEFINITIONS = (
					"DEBUG=1",
					"$(inherited)",
				);
				GCC_WARN_64_TO_32_BIT_CONVERSION = YES;
				GCC_WARN_ABOUT_RETURN_TYPE = YES_ERROR;
				GCC_WARN_UNDECLARED_SELECTOR = YES;
				GCC_WARN_UNINITIALIZED_AUTOS = YES_AGGRESSIVE;
				GCC_WARN_UNUSED_FUNCTION = YES;
				GCC_WARN_UNUSED_VARIABLE = YES;
				IPHONEOS_DEPLOYMENT_TARGET = 11.0;
				MTL_ENABLE_DEBUG_INFO = YES;
				ONLY_ACTIVE_ARCH = YES;
				SDKROOT = iphoneos;
				SWIFT_ACTIVE_COMPILATION_CONDITIONS = DEBUG;
				SWIFT_OPTIMIZATION_LEVEL = "-Onone";
			};
			name = Debug;
		};
		9A0F73381F8B1549001D803D /* Release */ = {
			isa = XCBuildConfiguration;
			buildSettings = {
				ALWAYS_SEARCH_USER_PATHS = NO;
				CLANG_ANALYZER_NONNULL = YES;
				CLANG_ANALYZER_NUMBER_OBJECT_CONVERSION = YES_AGGRESSIVE;
				CLANG_CXX_LANGUAGE_STANDARD = "gnu++14";
				CLANG_CXX_LIBRARY = "libc++";
				CLANG_ENABLE_MODULES = YES;
				CLANG_ENABLE_OBJC_ARC = YES;
				CLANG_WARN_BLOCK_CAPTURE_AUTORELEASING = YES;
				CLANG_WARN_BOOL_CONVERSION = YES;
				CLANG_WARN_COMMA = YES;
				CLANG_WARN_CONSTANT_CONVERSION = YES;
				CLANG_WARN_DIRECT_OBJC_ISA_USAGE = YES_ERROR;
				CLANG_WARN_DOCUMENTATION_COMMENTS = YES;
				CLANG_WARN_EMPTY_BODY = YES;
				CLANG_WARN_ENUM_CONVERSION = YES;
				CLANG_WARN_INFINITE_RECURSION = YES;
				CLANG_WARN_INT_CONVERSION = YES;
				CLANG_WARN_NON_LITERAL_NULL_CONVERSION = YES;
				CLANG_WARN_OBJC_LITERAL_CONVERSION = YES;
				CLANG_WARN_OBJC_ROOT_CLASS = YES_ERROR;
				CLANG_WARN_RANGE_LOOP_ANALYSIS = YES;
				CLANG_WARN_STRICT_PROTOTYPES = YES;
				CLANG_WARN_SUSPICIOUS_MOVE = YES;
				CLANG_WARN_UNGUARDED_AVAILABILITY = YES_AGGRESSIVE;
				CLANG_WARN_UNREACHABLE_CODE = YES;
				CLANG_WARN__DUPLICATE_METHOD_MATCH = YES;
				CODE_SIGN_IDENTITY = "iPhone Developer";
				COPY_PHASE_STRIP = NO;
				DEBUG_INFORMATION_FORMAT = "dwarf-with-dsym";
				ENABLE_NS_ASSERTIONS = NO;
				ENABLE_STRICT_OBJC_MSGSEND = YES;
				GCC_C_LANGUAGE_STANDARD = gnu11;
				GCC_NO_COMMON_BLOCKS = YES;
				GCC_WARN_64_TO_32_BIT_CONVERSION = YES;
				GCC_WARN_ABOUT_RETURN_TYPE = YES_ERROR;
				GCC_WARN_UNDECLARED_SELECTOR = YES;
				GCC_WARN_UNINITIALIZED_AUTOS = YES_AGGRESSIVE;
				GCC_WARN_UNUSED_FUNCTION = YES;
				GCC_WARN_UNUSED_VARIABLE = YES;
				IPHONEOS_DEPLOYMENT_TARGET = 11.0;
				MTL_ENABLE_DEBUG_INFO = NO;
				SDKROOT = iphoneos;
				SWIFT_OPTIMIZATION_LEVEL = "-Owholemodule";
				VALIDATE_PRODUCT = YES;
			};
			name = Release;
		};
		9A0F733A1F8B1549001D803D /* Debug */ = {
			isa = XCBuildConfiguration;
			buildSettings = {
				ASSETCATALOG_COMPILER_APPICON_NAME = AppIcon;
				CODE_SIGN_STYLE = Automatic;
				DEVELOPMENT_TEAM = QN236W67X5;
				INFOPLIST_FILE = "BBG AL Ilmu/Info.plist";
				LD_RUNPATH_SEARCH_PATHS = "$(inherited) @executable_path/Frameworks";
				PRODUCT_BUNDLE_IDENTIFIER = "programmermuslim.BBG-AL-Ilmu";
				PRODUCT_NAME = "$(TARGET_NAME)";
				SWIFT_VERSION = 4.0;
				TARGETED_DEVICE_FAMILY = "1,2";
			};
			name = Debug;
		};
		9A0F733B1F8B1549001D803D /* Release */ = {
			isa = XCBuildConfiguration;
			buildSettings = {
				ASSETCATALOG_COMPILER_APPICON_NAME = AppIcon;
				CODE_SIGN_STYLE = Automatic;
				DEVELOPMENT_TEAM = QN236W67X5;
				INFOPLIST_FILE = "BBG AL Ilmu/Info.plist";
				LD_RUNPATH_SEARCH_PATHS = "$(inherited) @executable_path/Frameworks";
				PRODUCT_BUNDLE_IDENTIFIER = "programmermuslim.BBG-AL-Ilmu";
				PRODUCT_NAME = "$(TARGET_NAME)";
				SWIFT_VERSION = 4.0;
				TARGETED_DEVICE_FAMILY = "1,2";
			};
			name = Release;
		};
		9A0F733D1F8B1549001D803D /* Debug */ = {
			isa = XCBuildConfiguration;
			buildSettings = {
				ALWAYS_EMBED_SWIFT_STANDARD_LIBRARIES = YES;
				BUNDLE_LOADER = "$(TEST_HOST)";
				CODE_SIGN_STYLE = Automatic;
				INFOPLIST_FILE = "BBG AL IlmuTests/Info.plist";
				LD_RUNPATH_SEARCH_PATHS = "$(inherited) @executable_path/Frameworks @loader_path/Frameworks";
				PRODUCT_BUNDLE_IDENTIFIER = "programmermuslim.BBG-AL-IlmuTests";
				PRODUCT_NAME = "$(TARGET_NAME)";
				SWIFT_VERSION = 4.0;
				TARGETED_DEVICE_FAMILY = "1,2";
				TEST_HOST = "$(BUILT_PRODUCTS_DIR)/BBG AL Ilmu.app/BBG AL Ilmu";
			};
			name = Debug;
		};
		9A0F733E1F8B1549001D803D /* Release */ = {
			isa = XCBuildConfiguration;
			buildSettings = {
				ALWAYS_EMBED_SWIFT_STANDARD_LIBRARIES = YES;
				BUNDLE_LOADER = "$(TEST_HOST)";
				CODE_SIGN_STYLE = Automatic;
				INFOPLIST_FILE = "BBG AL IlmuTests/Info.plist";
				LD_RUNPATH_SEARCH_PATHS = "$(inherited) @executable_path/Frameworks @loader_path/Frameworks";
				PRODUCT_BUNDLE_IDENTIFIER = "programmermuslim.BBG-AL-IlmuTests";
				PRODUCT_NAME = "$(TARGET_NAME)";
				SWIFT_VERSION = 4.0;
				TARGETED_DEVICE_FAMILY = "1,2";
				TEST_HOST = "$(BUILT_PRODUCTS_DIR)/BBG AL Ilmu.app/BBG AL Ilmu";
			};
			name = Release;
		};
		9A0F73401F8B1549001D803D /* Debug */ = {
			isa = XCBuildConfiguration;
			buildSettings = {
				ALWAYS_EMBED_SWIFT_STANDARD_LIBRARIES = YES;
				CODE_SIGN_STYLE = Automatic;
				INFOPLIST_FILE = "BBG AL IlmuUITests/Info.plist";
				LD_RUNPATH_SEARCH_PATHS = "$(inherited) @executable_path/Frameworks @loader_path/Frameworks";
				PRODUCT_BUNDLE_IDENTIFIER = "programmermuslim.BBG-AL-IlmuUITests";
				PRODUCT_NAME = "$(TARGET_NAME)";
				SWIFT_VERSION = 4.0;
				TARGETED_DEVICE_FAMILY = "1,2";
				TEST_TARGET_NAME = "BBG AL Ilmu";
			};
			name = Debug;
		};
		9A0F73411F8B1549001D803D /* Release */ = {
			isa = XCBuildConfiguration;
			buildSettings = {
				ALWAYS_EMBED_SWIFT_STANDARD_LIBRARIES = YES;
				CODE_SIGN_STYLE = Automatic;
				INFOPLIST_FILE = "BBG AL IlmuUITests/Info.plist";
				LD_RUNPATH_SEARCH_PATHS = "$(inherited) @executable_path/Frameworks @loader_path/Frameworks";
				PRODUCT_BUNDLE_IDENTIFIER = "programmermuslim.BBG-AL-IlmuUITests";
				PRODUCT_NAME = "$(TARGET_NAME)";
				SWIFT_VERSION = 4.0;
				TARGETED_DEVICE_FAMILY = "1,2";
				TEST_TARGET_NAME = "BBG AL Ilmu";
			};
			name = Release;
		};
/* End XCBuildConfiguration section */

/* Begin XCConfigurationList section */
		9A0F730A1F8B1549001D803D /* Build configuration list for PBXProject "BBG AL Ilmu" */ = {
			isa = XCConfigurationList;
			buildConfigurations = (
				9A0F73371F8B1549001D803D /* Debug */,
				9A0F73381F8B1549001D803D /* Release */,
			);
			defaultConfigurationIsVisible = 0;
			defaultConfigurationName = Release;
		};
		9A0F73391F8B1549001D803D /* Build configuration list for PBXNativeTarget "BBG AL Ilmu" */ = {
			isa = XCConfigurationList;
			buildConfigurations = (
				9A0F733A1F8B1549001D803D /* Debug */,
				9A0F733B1F8B1549001D803D /* Release */,
			);
			defaultConfigurationIsVisible = 0;
			defaultConfigurationName = Release;
		};
		9A0F733C1F8B1549001D803D /* Build configuration list for PBXNativeTarget "BBG AL IlmuTests" */ = {
			isa = XCConfigurationList;
			buildConfigurations = (
				9A0F733D1F8B1549001D803D /* Debug */,
				9A0F733E1F8B1549001D803D /* Release */,
			);
			defaultConfigurationIsVisible = 0;
			defaultConfigurationName = Release;
		};
		9A0F733F1F8B1549001D803D /* Build configuration list for PBXNativeTarget "BBG AL IlmuUITests" */ = {
			isa = XCConfigurationList;
			buildConfigurations = (
				9A0F73401F8B1549001D803D /* Debug */,
				9A0F73411F8B1549001D803D /* Release */,
			);
			defaultConfigurationIsVisible = 0;
			defaultConfigurationName = Release;
		};
/* End XCConfigurationList section */
	};
	rootObject = 9A0F73071F8B1549001D803D /* Project object */;
}
